// !$*UTF8*$!
{
	archiveVersion = 1;
	classes = {
	};
	objectVersion = 60;
	objects = {

/* Begin PBXBuildFile section */
		A10000000000000000000001 /* QuartetApp.swift in Sources */ = {isa = PBXBuildFile; fileRef = A20000000000000000000001 /* QuartetApp.swift */; };
		A10000000000000000000002 /* AppModel.swift in Sources */ = {isa = PBXBuildFile; fileRef = A20000000000000000000002 /* AppModel.swift */; };
		A10000000000000000000003 /* RootView.swift in Sources */ = {isa = PBXBuildFile; fileRef = A20000000000000000000003 /* RootView.swift */; };
		A10000000000000000000004 /* QuartetTheme.swift in Sources */ = {isa = PBXBuildFile; fileRef = A20000000000000000000004 /* QuartetTheme.swift */; };
		A10000000000000000000005 /* APIModels.swift in Sources */ = {isa = PBXBuildFile; fileRef = A20000000000000000000005 /* APIModels.swift */; };
		A10000000000000000000006 /* APIClient.swift in Sources */ = {isa = PBXBuildFile; fileRef = A20000000000000000000006 /* APIClient.swift */; };
		A10000000000000000000007 /* KeychainStore.swift in Sources */ = {isa = PBXBuildFile; fileRef = A20000000000000000000007 /* KeychainStore.swift */; };
		A10000000000000000000008 /* ConnectionView.swift in Sources */ = {isa = PBXBuildFile; fileRef = A20000000000000000000008 /* ConnectionView.swift */; };
		A10000000000000000000009 /* JobsView.swift in Sources */ = {isa = PBXBuildFile; fileRef = A20000000000000000000009 /* JobsView.swift */; };
		A1000000000000000000000A /* JobDetailView.swift in Sources */ = {isa = PBXBuildFile; fileRef = A2000000000000000000000A /* JobDetailView.swift */; };
		A1000000000000000000000B /* SettingsView.swift in Sources */ = {isa = PBXBuildFile; fileRef = A2000000000000000000000B /* SettingsView.swift */; };
		A1000000000000000000000D /* NewConversationView.swift in Sources */ = {isa = PBXBuildFile; fileRef = A2000000000000000000000D /* NewConversationView.swift */; };
		A1000000000000000000000E /* JobChatView.swift in Sources */ = {isa = PBXBuildFile; fileRef = A2000000000000000000000E /* JobChatView.swift */; };
		A1000000000000000000000F /* GraphRunView.swift in Sources */ = {isa = PBXBuildFile; fileRef = A2000000000000000000000F /* GraphRunView.swift */; };
		A10000000000000000000010 /* ChatAttachmentSupport.swift in Sources */ = {isa = PBXBuildFile; fileRef = A20000000000000000000011 /* ChatAttachmentSupport.swift */; };
		A10000000000000000000011 /* DashboardCacheStore.swift in Sources */ = {isa = PBXBuildFile; fileRef = A20000000000000000000012 /* DashboardCacheStore.swift */; };
		A10000000000000000000012 /* NotificationCenterModel.swift in Sources */ = {isa = PBXBuildFile; fileRef = A20000000000000000000013 /* NotificationCenterModel.swift */; };
		A10000000000000000000013 /* NotificationsView.swift in Sources */ = {isa = PBXBuildFile; fileRef = A20000000000000000000014 /* NotificationsView.swift */; };
/* End PBXBuildFile section */

/* Begin PBXFileReference section */
		A20000000000000000000001 /* QuartetApp.swift */ = {isa = PBXFileReference; lastKnownFileType = sourcecode.swift; path = QuartetApp.swift; sourceTree = "<group>"; };
		A20000000000000000000002 /* AppModel.swift */ = {isa = PBXFileReference; lastKnownFileType = sourcecode.swift; path = AppModel.swift; sourceTree = "<group>"; };
		A20000000000000000000003 /* RootView.swift */ = {isa = PBXFileReference; lastKnownFileType = sourcecode.swift; path = RootView.swift; sourceTree = "<group>"; };
		A20000000000000000000004 /* QuartetTheme.swift */ = {isa = PBXFileReference; lastKnownFileType = sourcecode.swift; path = QuartetTheme.swift; sourceTree = "<group>"; };
		A20000000000000000000005 /* APIModels.swift */ = {isa = PBXFileReference; lastKnownFileType = sourcecode.swift; path = APIModels.swift; sourceTree = "<group>"; };
		A20000000000000000000006 /* APIClient.swift */ = {isa = PBXFileReference; lastKnownFileType = sourcecode.swift; path = APIClient.swift; sourceTree = "<group>"; };
		A20000000000000000000007 /* KeychainStore.swift */ = {isa = PBXFileReference; lastKnownFileType = sourcecode.swift; path = KeychainStore.swift; sourceTree = "<group>"; };
		A20000000000000000000008 /* ConnectionView.swift */ = {isa = PBXFileReference; lastKnownFileType = sourcecode.swift; path = ConnectionView.swift; sourceTree = "<group>"; };
		A20000000000000000000009 /* JobsView.swift */ = {isa = PBXFileReference; lastKnownFileType = sourcecode.swift; path = JobsView.swift; sourceTree = "<group>"; };
		A2000000000000000000000A /* JobDetailView.swift */ = {isa = PBXFileReference; lastKnownFileType = sourcecode.swift; path = JobDetailView.swift; sourceTree = "<group>"; };
		A2000000000000000000000B /* SettingsView.swift */ = {isa = PBXFileReference; lastKnownFileType = sourcecode.swift; path = SettingsView.swift; sourceTree = "<group>"; };
		A2000000000000000000000C /* Quartet.app */ = {isa = PBXFileReference; explicitFileType = wrapper.application; includeInIndex = 0; path = Quartet.app; sourceTree = BUILT_PRODUCTS_DIR; };
		A2000000000000000000000D /* NewConversationView.swift */ = {isa = PBXFileReference; lastKnownFileType = sourcecode.swift; path = NewConversationView.swift; sourceTree = "<group>"; };
		A2000000000000000000000E /* JobChatView.swift */ = {isa = PBXFileReference; lastKnownFileType = sourcecode.swift; path = JobChatView.swift; sourceTree = "<group>"; };
		A2000000000000000000000F /* GraphRunView.swift */ = {isa = PBXFileReference; lastKnownFileType = sourcecode.swift; path = GraphRunView.swift; sourceTree = "<group>"; };
		A20000000000000000000010 /* Info.plist */ = {isa = PBXFileReference; lastKnownFileType = text.plist.xml; path = Info.plist; sourceTree = "<group>"; };
		A20000000000000000000011 /* ChatAttachmentSupport.swift */ = {isa = PBXFileReference; lastKnownFileType = sourcecode.swift; path = ChatAttachmentSupport.swift; sourceTree = "<group>"; };
		A20000000000000000000012 /* DashboardCacheStore.swift */ = {isa = PBXFileReference; lastKnownFileType = sourcecode.swift; path = DashboardCacheStore.swift; sourceTree = "<group>"; };
		A20000000000000000000013 /* NotificationCenterModel.swift */ = {isa = PBXFileReference; lastKnownFileType = sourcecode.swift; path = NotificationCenterModel.swift; sourceTree = "<group>"; };
		A20000000000000000000014 /* NotificationsView.swift */ = {isa = PBXFileReference; lastKnownFileType = sourcecode.swift; path = NotificationsView.swift; sourceTree = "<group>"; };
/* End PBXFileReference section */

/* Begin PBXFrameworksBuildPhase section */
		A30000000000000000000001 /* Frameworks */ = {
			isa = PBXFrameworksBuildPhase;
			buildActionMask = 2147483647;
			files = (
			);
			runOnlyForDeploymentPostprocessing = 0;
		};
/* End PBXFrameworksBuildPhase section */

/* Begin PBXGroup section */
		A40000000000000000000001 = {
			isa = PBXGroup;
			children = (
				A40000000000000000000002 /* Quartet */,
				A40000000000000000000009 /* Products */,
			);
			sourceTree = "<group>";
		};
		A40000000000000000000002 /* Quartet */ = {
			isa = PBXGroup;
			children = (
				A20000000000000000000001 /* QuartetApp.swift */,
				A20000000000000000000010 /* Info.plist */,
				A40000000000000000000003 /* App */,
				A40000000000000000000004 /* Core */,
				A40000000000000000000008 /* Features */,
			);
			path = Quartet;
			sourceTree = "<group>";
		};
		A40000000000000000000003 /* App */ = {
			isa = PBXGroup;
			children = (
				A20000000000000000000002 /* AppModel.swift */,
				A20000000000000000000003 /* RootView.swift */,
			);
			path = App;
			sourceTree = "<group>";
		};
		A40000000000000000000004 /* Core */ = {
			isa = PBXGroup;
			children = (
				A40000000000000000000005 /* Design */,
				A40000000000000000000006 /* Models */,
				A40000000000000000000007 /* Networking */,
				A40000000000000000000010 /* Persistence */,
				A4000000000000000000000C /* Security */,
			);
			path = Core;
			sourceTree = "<group>";
		};
		A40000000000000000000005 /* Design */ = {isa = PBXGroup; children = (A20000000000000000000004 /* QuartetTheme.swift */,); path = Design; sourceTree = "<group>"; };
		A40000000000000000000006 /* Models */ = {isa = PBXGroup; children = (A20000000000000000000005 /* APIModels.swift */,); path = Models; sourceTree = "<group>"; };
		A40000000000000000000007 /* Networking */ = {isa = PBXGroup; children = (A20000000000000000000006 /* APIClient.swift */,); path = Networking; sourceTree = "<group>"; };
		A40000000000000000000010 /* Persistence */ = {isa = PBXGroup; children = (A20000000000000000000012 /* DashboardCacheStore.swift */,); path = Persistence; sourceTree = "<group>"; };
		A4000000000000000000000C /* Security */ = {isa = PBXGroup; children = (A20000000000000000000007 /* KeychainStore.swift */,); path = Security; sourceTree = "<group>"; };
		A40000000000000000000008 /* Features */ = {
			isa = PBXGroup;
			children = (
				A4000000000000000000000A /* Connection */,
				A4000000000000000000000E /* Chat */,
				A4000000000000000000000F /* Graph */,
				A4000000000000000000000B /* Jobs */,
				A40000000000000000000011 /* Notifications */,
				A4000000000000000000000D /* Settings */,
			);
			path = Features;
			sourceTree = "<group>";
		};
		A40000000000000000000009 /* Products */ = {isa = PBXGroup; children = (A2000000000000000000000C /* Quartet.app */,); name = Products; sourceTree = "<group>"; };
		A4000000000000000000000A /* Connection */ = {isa = PBXGroup; children = (A20000000000000000000008 /* ConnectionView.swift */,); path = Connection; sourceTree = "<group>"; };
		A4000000000000000000000B /* Jobs */ = {isa = PBXGroup; children = (A20000000000000000000009 /* JobsView.swift */, A2000000000000000000000A /* JobDetailView.swift */,); path = Jobs; sourceTree = "<group>"; };
		A4000000000000000000000D /* Settings */ = {isa = PBXGroup; children = (A2000000000000000000000B /* SettingsView.swift */,); path = Settings; sourceTree = "<group>"; };
		A4000000000000000000000E /* Chat */ = {isa = PBXGroup; children = (A2000000000000000000000D /* NewConversationView.swift */, A2000000000000000000000E /* JobChatView.swift */, A20000000000000000000011 /* ChatAttachmentSupport.swift */,); path = Chat; sourceTree = "<group>"; };
		A4000000000000000000000F /* Graph */ = {isa = PBXGroup; children = (A2000000000000000000000F /* GraphRunView.swift */,); path = Graph; sourceTree = "<group>"; };
		A40000000000000000000011 /* Notifications */ = {isa = PBXGroup; children = (A20000000000000000000013 /* NotificationCenterModel.swift */, A20000000000000000000014 /* NotificationsView.swift */,); path = Notifications; sourceTree = "<group>"; };
/* End PBXGroup section */

/* Begin PBXNativeTarget section */
		A50000000000000000000001 /* Quartet */ = {
			isa = PBXNativeTarget;
			buildConfigurationList = A90000000000000000000002 /* Build configuration list for PBXNativeTarget "Quartet" */;
			buildPhases = (
				A30000000000000000000002 /* Sources */,
				A30000000000000000000001 /* Frameworks */,
				A30000000000000000000003 /* Resources */,
			);
			buildRules = (
			);
			dependencies = (
			);
			name = Quartet;
			productName = Quartet;
			productReference = A2000000000000000000000C /* Quartet.app */;
			productType = "com.apple.product-type.application";
		};
/* End PBXNativeTarget section */

/* Begin PBXProject section */
		A60000000000000000000001 /* Project object */ = {
			isa = PBXProject;
			attributes = {
				BuildIndependentTargetsInParallel = 1;
				LastSwiftUpdateCheck = 2600;
				LastUpgradeCheck = 2600;
				TargetAttributes = {
					A50000000000000000000001 = { CreatedOnToolsVersion = 26.0; };
				};
			};
			buildConfigurationList = A90000000000000000000001 /* Build configuration list for PBXProject "Quartet" */;
			compatibilityVersion = "Xcode 15.0";
			developmentRegion = en;
			hasScannedForEncodings = 0;
			knownRegions = (en, Base);
			mainGroup = A40000000000000000000001;
			productRefGroup = A40000000000000000000009 /* Products */;
			projectDirPath = "";
			projectRoot = "";
			targets = (A50000000000000000000001 /* Quartet */,);
		};
/* End PBXProject section */

/* Begin PBXResourcesBuildPhase section */
		A30000000000000000000003 /* Resources */ = {isa = PBXResourcesBuildPhase; buildActionMask = 2147483647; files = (); runOnlyForDeploymentPostprocessing = 0; };
/* End PBXResourcesBuildPhase section */

/* Begin PBXSourcesBuildPhase section */
		A30000000000000000000002 /* Sources */ = {
			isa = PBXSourcesBuildPhase;
			buildActionMask = 2147483647;
			files = (
				A10000000000000000000001 /* QuartetApp.swift in Sources */,
				A10000000000000000000002 /* AppModel.swift in Sources */,
				A10000000000000000000003 /* RootView.swift in Sources */,
				A10000000000000000000004 /* QuartetTheme.swift in Sources */,
				A10000000000000000000005 /* APIModels.swift in Sources */,
				A10000000000000000000006 /* APIClient.swift in Sources */,
				A10000000000000000000007 /* KeychainStore.swift in Sources */,
				A10000000000000000000008 /* ConnectionView.swift in Sources */,
				A10000000000000000000009 /* JobsView.swift in Sources */,
				A1000000000000000000000A /* JobDetailView.swift in Sources */,
				A1000000000000000000000B /* SettingsView.swift in Sources */,
				A1000000000000000000000D /* NewConversationView.swift in Sources */,
				A1000000000000000000000E /* JobChatView.swift in Sources */,
				A10000000000000000000010 /* ChatAttachmentSupport.swift in Sources */,
				A1000000000000000000000F /* GraphRunView.swift in Sources */,
				A10000000000000000000011 /* DashboardCacheStore.swift in Sources */,
				A10000000000000000000012 /* NotificationCenterModel.swift in Sources */,
				A10000000000000000000013 /* NotificationsView.swift in Sources */,
			);
			runOnlyForDeploymentPostprocessing = 0;
		};
/* End PBXSourcesBuildPhase section */

/* Begin XCBuildConfiguration section */
		A70000000000000000000001 /* Debug */ = {
			isa = XCBuildConfiguration;
			buildSettings = {
				ALWAYS_SEARCH_USER_PATHS = NO;
				CLANG_ENABLE_MODULES = YES;
				CLANG_ENABLE_OBJC_ARC = YES;
				COPY_PHASE_STRIP = NO;
				DEBUG_INFORMATION_FORMAT = dwarf;
				ENABLE_TESTABILITY = YES;
				GCC_C_LANGUAGE_STANDARD = gnu17;
				GCC_OPTIMIZATION_LEVEL = 0;
				ONLY_ACTIVE_ARCH = YES;
				SDKROOT = iphoneos;
				SWIFT_ACTIVE_COMPILATION_CONDITIONS = "DEBUG $(inherited)";
				SWIFT_OPTIMIZATION_LEVEL = "-Onone";
			};
			name = Debug;
		};
		A70000000000000000000002 /* Release */ = {
			isa = XCBuildConfiguration;
			buildSettings = {
				ALWAYS_SEARCH_USER_PATHS = NO;
				CLANG_ENABLE_MODULES = YES;
				CLANG_ENABLE_OBJC_ARC = YES;
				COPY_PHASE_STRIP = YES;
				DEBUG_INFORMATION_FORMAT = "dwarf-with-dsym";
				GCC_C_LANGUAGE_STANDARD = gnu17;
				SDKROOT = iphoneos;
				SWIFT_COMPILATION_MODE = wholemodule;
			};
			name = Release;
		};
		A80000000000000000000001 /* Debug */ = {
			isa = XCBuildConfiguration;
			buildSettings = {
				ASSETCATALOG_COMPILER_GENERATE_SWIFT_ASSET_SYMBOL_EXTENSIONS = YES;
				CODE_SIGN_STYLE = Automatic;
				CURRENT_PROJECT_VERSION = 1;
				DEVELOPMENT_ASSET_PATHS = "";
				GENERATE_INFOPLIST_FILE = NO;
				INFOPLIST_FILE = Quartet/Info.plist;
				INFOPLIST_KEY_CFBundleDisplayName = Quartet;
				INFOPLIST_KEY_LSApplicationCategoryType = "public.app-category.developer-tools";
				IPHONEOS_DEPLOYMENT_TARGET = 26.0;
				LD_RUNPATH_SEARCH_PATHS = "$(inherited) @executable_path/Frameworks";
				MARKETING_VERSION = 0.1.0;
				PRODUCT_BUNDLE_IDENTIFIER = fun.fanlv.quartet.ios;
				PRODUCT_NAME = "$(TARGET_NAME)";
				SUPPORTED_PLATFORMS = "iphoneos iphonesimulator";
				SWIFT_EMIT_LOC_STRINGS = YES;
				SWIFT_STRICT_CONCURRENCY = complete;
				SWIFT_VERSION = 6.0;
				TARGETED_DEVICE_FAMILY = "1,2";
			};
			name = Debug;
		};
		A80000000000000000000002 /* Release */ = {
			isa = XCBuildConfiguration;
			buildSettings = {
				ASSETCATALOG_COMPILER_GENERATE_SWIFT_ASSET_SYMBOL_EXTENSIONS = YES;
				CODE_SIGN_STYLE = Automatic;
				CURRENT_PROJECT_VERSION = 1;
				GENERATE_INFOPLIST_FILE = NO;
				INFOPLIST_FILE = Quartet/Info.plist;
				INFOPLIST_KEY_CFBundleDisplayName = Quartet;
				INFOPLIST_KEY_LSApplicationCategoryType = "public.app-category.developer-tools";
				IPHONEOS_DEPLOYMENT_TARGET = 26.0;
				LD_RUNPATH_SEARCH_PATHS = "$(inherited) @executable_path/Frameworks";
				MARKETING_VERSION = 0.1.0;
				PRODUCT_BUNDLE_IDENTIFIER = fun.fanlv.quartet.ios;
				PRODUCT_NAME = "$(TARGET_NAME)";
				SUPPORTED_PLATFORMS = "iphoneos iphonesimulator";
				SWIFT_EMIT_LOC_STRINGS = YES;
				SWIFT_STRICT_CONCURRENCY = complete;
				SWIFT_VERSION = 6.0;
				TARGETED_DEVICE_FAMILY = "1,2";
			};
			name = Release;
		};
/* End XCBuildConfiguration section */

/* Begin XCConfigurationList section */
		A90000000000000000000001 /* Build configuration list for PBXProject "Quartet" */ = {
			isa = XCConfigurationList;
			buildConfigurations = (A70000000000000000000001 /* Debug */, A70000000000000000000002 /* Release */,);
			defaultConfigurationIsVisible = 0;
			defaultConfigurationName = Release;
		};
		A90000000000000000000002 /* Build configuration list for PBXNativeTarget "Quartet" */ = {
			isa = XCConfigurationList;
			buildConfigurations = (A80000000000000000000001 /* Debug */, A80000000000000000000002 /* Release */,);
			defaultConfigurationIsVisible = 0;
			defaultConfigurationName = Release;
		};
/* End XCConfigurationList section */
	};
	rootObject = A60000000000000000000001 /* Project object */;
}
